
Microsoft Visual Studio Solution File, Format Version 12.00
# Visual Studio Version 17
VisualStudioVersion = 17.2.32616.157
MinimumVisualStudioVersion = 10.0.40219.1
Project("{FAE04EC0-301F-11D3-BF4B-00C04F79EFBC}") = "NetLab1", "NetLab1\NetLab1.csproj", "{296C7848-63F8-4CDF-AB96-88834C9BB823}"
EndProject
Project("{9A19103F-16F7-4668-BE54-9A1E7A4F7556}") = "NetLab1_Test", "NetLab1_Test\NetLab1_Test.csproj", "{0AC41762-5787-47FC-8A4D-AD8BE21AEC0D}"
EndProject
Project("{FAE04EC0-301F-11D3-BF4B-00C04F79EFBC}") = "NetLab1dllexe", "NetLab1dllexe\NetLab1dllexe.csproj", "{218340DB-6259-4AC0-9D28-3796B9F6F2DD}"
EndProject
Global
	GlobalSection(SolutionConfigurationPlatforms) = preSolution
		Debug|Any CPU = Debug|Any CPU
		Release|Any CPU = Release|Any CPU
	EndGlobalSection
	GlobalSection(ProjectConfigurationPlatforms) = postSolution
		{296C7848-63F8-4CDF-AB96-88834C9BB823}.Debug|Any CPU.ActiveCfg = Debug|Any CPU
		{296C7848-63F8-4CDF-AB96-88834C9BB823}.Debug|Any CPU.Build.0 = Debug|Any CPU
		{296C7848-63F8-4CDF-AB96-88834C9BB823}.Release|Any CPU.ActiveCfg = Release|Any CPU
		{296C7848-63F8-4CDF-AB96-88834C9BB823}.Release|Any CPU.Build.0 = Release|Any CPU
		{0AC41762-5787-47FC-8A4D-AD8BE21AEC0D}.Debug|Any CPU.ActiveCfg = Debug|Any CPU
		{0AC41762-5787-47FC-8A4D-AD8BE21AEC0D}.Debug|Any CPU.Build.0 = Debug|Any CPU
		{0AC41762-5787-47FC-8A4D-AD8BE21AEC0D}.Release|Any CPU.ActiveCfg = Release|Any CPU
		{0AC41762-5787-47FC-8A4D-AD8BE21AEC0D}.Release|Any CPU.Build.0 = Release|Any CPU
		{218340DB-6259-4AC0-9D28-3796B9F6F2DD}.Debug|Any CPU.ActiveCfg = Debug|Any CPU
		{218340DB-6259-4AC0-9D28-3796B9F6F2DD}.Debug|Any CPU.Build.0 = Debug|Any CPU
		{218340DB-6259-4AC0-9D28-3796B9F6F2DD}.Release|Any CPU.ActiveCfg = Release|Any CPU
		{218340DB-6259-4AC0-9D28-3796B9F6F2DD}.Release|Any CPU.Build.0 = Release|Any CPU
	EndGlobalSection
	GlobalSection(SolutionProperties) = preSolution
		HideSolutionNode = FALSE
	EndGlobalSection
	GlobalSection(ExtensibilityGlobals) = postSolution
		SolutionGuid = {6C03B5C8-DA22-45D3-85D7-E1F18C136BD9}
	EndGlobalSection
EndGlobal
